
Microsoft Visual Studio Solution File, Format Version 12.00
# Visual Studio Version 17
VisualStudioVersion = 17.0.31912.275
MinimumVisualStudioVersion = 10.0.40219.1
Project("{9A19103F-16F7-4668-BE54-9A1E7A4F7556}") = "03-Variables", "Variables\03-Variables.csproj", "{BF424F70-75DC-4241-9570-94862FE40038}"
EndProject
Project("{9A19103F-16F7-4668-BE54-9A1E7A4F7556}") = "02-TipoDeDatos", "TipoDeDatos\02-TipoDeDatos.csproj", "{506BDABF-75CA-4F3E-82C0-A63606683C40}"
EndProject
Project("{9A19103F-16F7-4668-BE54-9A1E7A4F7556}") = "08-Funciones", "Funciones\08-Funciones.csproj", "{9892DDCC-5FC3-4B43-890B-93384CD12323}"
EndProject
Project("{9A19103F-16F7-4668-BE54-9A1E7A4F7556}") = "10-SenenciaIfElseIf", "SenenciaIfElseIf\10-SenenciaIfElseIf.csproj", "{E843EA27-0D0F-4D62-9B3D-D817D0435F3B}"
EndProject
Project("{9A19103F-16F7-4668-BE54-9A1E7A4F7556}") = "14-Arreglos", "Arreglos\14-Arreglos.csproj", "{6D7F71B7-DEC6-464C-A147-FE05FBEFE2FE}"
EndProject
Project("{9A19103F-16F7-4668-BE54-9A1E7A4F7556}") = "12-While", "While\12-While.csproj", "{DE8C4063-8ACC-4CFF-8A59-2DF9703BB7C7}"
EndProject
Project("{9A19103F-16F7-4668-BE54-9A1E7A4F7556}") = "15-For", "For\15-For.csproj", "{4663561E-D54D-439C-A212-E50523E32B57}"
EndProject
Project("{9A19103F-16F7-4668-BE54-9A1E7A4F7556}") = "08-Static", "Static\08-Static.csproj", "{503B2AEF-E681-429F-A48B-A0DB80C6453A}"
EndProject
Project("{9A19103F-16F7-4668-BE54-9A1E7A4F7556}") = "09-Interface", "Interface\09-Interface.csproj", "{887BE35C-0326-4B14-892F-2D018681C8DD}"
EndProject
Project("{9A19103F-16F7-4668-BE54-9A1E7A4F7556}") = "10-Generic", "Generic\10-Generic.csproj", "{E78CB700-469B-47FF-BE2B-CC569AB8FC59}"
EndProject
Project("{9A19103F-16F7-4668-BE54-9A1E7A4F7556}") = "12-Lists", "Lists\12-Lists.csproj", "{47FAB64F-D65B-4D0C-92FE-06C64AC923F3}"
EndProject
Project("{9A19103F-16F7-4668-BE54-9A1E7A4F7556}") = "11-JSON", "Json\11-JSON.csproj", "{212CFC3B-2E52-4A46-BADE-9F200EAF9C72}"
EndProject
Project("{9A19103F-16F7-4668-BE54-9A1E7A4F7556}") = "16-ForEach", "ForEach\16-ForEach.csproj", "{2C2CA929-9981-4D60-9373-83CDB42B6775}"
EndProject
Project("{9A19103F-16F7-4668-BE54-9A1E7A4F7556}") = "13-ListCommonMethods", "ListCommonMethods\13-ListCommonMethods.csproj", "{56C1FAD3-0930-49D4-AC1F-88E627E2B6F5}"
EndProject
Project("{9A19103F-16F7-4668-BE54-9A1E7A4F7556}") = "14-TiposAnonimos", "TiposAnonimos\14-TiposAnonimos.csproj", "{DED5601E-5551-4A19-8B74-F0EECC96F83B}"
EndProject
Project("{9A19103F-16F7-4668-BE54-9A1E7A4F7556}") = "15-Tuplas", "Tuplas\15-Tuplas.csproj", "{F201D4B4-83F7-4A57-9515-A73557FC356D}"
EndProject
Project("{9A19103F-16F7-4668-BE54-9A1E7A4F7556}") = "11-SwitchCase", "SwitchCase\11-SwitchCase.csproj", "{0AD1B0C6-710E-4040-85EC-DBF5E034A333}"
EndProject
Project("{9A19103F-16F7-4668-BE54-9A1E7A4F7556}") = "17-LINQ", "LINQ\17-LINQ.csproj", "{1F310B3A-57F3-4D08-87B7-46CE72C117AA}"
EndProject
Project("{9A19103F-16F7-4668-BE54-9A1E7A4F7556}") = "18-LINQ-Join", "LINQ-Join\18-LINQ-Join.csproj", "{A7A37D12-C860-4E4E-93C2-35ABDFDA4C7D}"
EndProject
Project("{9A19103F-16F7-4668-BE54-9A1E7A4F7556}") = "19-Excepciones", "Excepciones\19-Excepciones.csproj", "{5881DA33-3D9F-4ED0-B393-817A80764E05}"
EndProject
Project("{9A19103F-16F7-4668-BE54-9A1E7A4F7556}") = "16-ExcepcionesPersonalizadas", "ExcepcionesPersonalizadas\16-ExcepcionesPersonalizadas.csproj", "{F9F574A8-DA70-48D8-94F2-86437E1091D3}"
EndProject
Project("{9A19103F-16F7-4668-BE54-9A1E7A4F7556}") = "01-BaseDeDatos", "BaseDeDatos\01-BaseDeDatos.csproj", "{DB4E3FEA-54E3-429A-B9F5-DEEA955A760C}"
EndProject
Project("{9A19103F-16F7-4668-BE54-9A1E7A4F7556}") = "BD", "BD\BD.csproj", "{939611D0-C78E-439C-A47F-3112D11D7271}"
EndProject
Project("{9A19103F-16F7-4668-BE54-9A1E7A4F7556}") = "EntityFrameworkSystem", "EntityFrameworkSystem\EntityFrameworkSystem.csproj", "{4B4E5D08-7EAC-43A8-BD6B-01151934F3BC}"
EndProject
Project("{9A19103F-16F7-4668-BE54-9A1E7A4F7556}") = "02-ProgramacionFuncional", "FunctionalProgramming\02-ProgramacionFuncional.csproj", "{82AA389E-9F60-4A09-8DB1-EDDF3F35EACD}"
EndProject
Project("{9A19103F-16F7-4668-BE54-9A1E7A4F7556}") = "06-Strings", "03-strings\06-Strings.csproj", "{89ED5CC4-70CD-4B48-93FE-CDE06125F994}"
EndProject
Project("{9A19103F-16F7-4668-BE54-9A1E7A4F7556}") = "17-ModificadoresDeAcceso", "12-ModificadoresDeAcceso\17-ModificadoresDeAcceso.csproj", "{44E45F50-7808-40C8-B645-9FC03E0B4716}"
EndProject
Project("{9A19103F-16F7-4668-BE54-9A1E7A4F7556}") = "05-TipoDeCasteo", "TipoDeCasteo\05-TipoDeCasteo.csproj", "{033D0670-2586-40F7-9E7F-BF9697FE736E}"
EndProject
Project("{9A19103F-16F7-4668-BE54-9A1E7A4F7556}") = "07-EntradaDeDatos", "04-EntradaDeDatos\07-EntradaDeDatos.csproj", "{F711C0FE-1EB3-44B9-A0E6-543A5C431C66}"
EndProject
Project("{9A19103F-16F7-4668-BE54-9A1E7A4F7556}") = "05-POO-Abstraccion", "19-Abstract\05-POO-Abstraccion.csproj", "{9F39EA8A-960A-477F-A4CB-1EC69DB0065F}"
EndProject
Project("{9A19103F-16F7-4668-BE54-9A1E7A4F7556}") = "04-Datetime", "04-DateTime\04-Datetime.csproj", "{65406D61-1E69-468C-A28B-418CA8223D28}"
EndProject
Project("{9A19103F-16F7-4668-BE54-9A1E7A4F7556}") = "01-Comentarios", "01-Comentarios\01-Comentarios.csproj", "{48A68194-FD0F-40DB-AC22-A12903287DE2}"
EndProject
Project("{9A19103F-16F7-4668-BE54-9A1E7A4F7556}") = "13-DoWhile", "11-DoWhile\13-DoWhile.csproj", "{1016CF26-A6D8-4E5D-AEE4-C191F9950241}"
EndProject
Project("{9A19103F-16F7-4668-BE54-9A1E7A4F7556}") = "09-FuncionesRecursivas", "08-FuncionesRecursivas\09-FuncionesRecursivas.csproj", "{C12DAA22-E2F7-4F42-921E-398EE569505B}"
EndProject
Project("{2150E333-8FDC-42A3-9474-1A3956D46DE8}") = "Basic", "Basic", "{6F741356-CB6C-4946-9BD1-7AC205B9AF83}"
EndProject
Project("{9A19103F-16F7-4668-BE54-9A1E7A4F7556}") = "18-Ficheros", "38-Ficheros\18-Ficheros.csproj", "{0BE2A05A-CE34-4F0C-B280-5C269D74CA25}"
EndProject
Project("{2150E333-8FDC-42A3-9474-1A3956D46DE8}") = "Intermedio", "Intermedio", "{47579F33-C122-4B84-BB59-FD01CBD33689}"
EndProject
Project("{9A19103F-16F7-4668-BE54-9A1E7A4F7556}") = "01-ClasesYObjetos", "ClasesYObjetos\01-ClasesYObjetos.csproj", "{8CD925C7-02D5-4072-A473-20493206131C}"
EndProject
Project("{9A19103F-16F7-4668-BE54-9A1E7A4F7556}") = "02-POO-Encapsulacion", "Propiedades\02-POO-Encapsulacion.csproj", "{E3DA1297-5C87-437B-9173-1FC7FD0BDE0E}"
EndProject
Project("{9A19103F-16F7-4668-BE54-9A1E7A4F7556}") = "03-POO-Herencia", "Herencia\03-POO-Herencia.csproj", "{F8E920E7-ED25-4A5A-94E5-5992BDCDEAD0}"
EndProject
Project("{FAE04EC0-301F-11D3-BF4B-00C04F79EFBC}") = "04-POO-Polimorfismo", "Polimorfismo\04-POO-Polimorfismo.csproj", "{8D5D1E46-577A-4486-87C5-7604E741E48D}"
EndProject
Project("{9A19103F-16F7-4668-BE54-9A1E7A4F7556}") = "06-Sobrecarga", "Sobrecarga\06-Sobrecarga.csproj", "{59A0AE1D-82EC-4F7F-8D91-A98C9D34BAB0}"
EndProject
Project("{9A19103F-16F7-4668-BE54-9A1E7A4F7556}") = "07-Sobreescritura", "Sobreescritura\07-Sobreescritura.csproj", "{EA1AD863-64B0-490D-A835-906F2C03A2B2}"
EndProject
Project("{2150E333-8FDC-42A3-9474-1A3956D46DE8}") = "Entity Framework", "Entity Framework", "{44383000-6593-4BFE-8DDC-7C6B03FAEE39}"
EndProject
Project("{2150E333-8FDC-42A3-9474-1A3956D46DE8}") = "Avanzado", "Avanzado", "{679C0A22-EDA0-4338-BA33-1EF16DE7DD08}"
EndProject
Project("{FAE04EC0-301F-11D3-BF4B-00C04F79EFBC}") = "19-TiposNullables", "TiposNullables\19-TiposNullables.csproj", "{0EAC7F15-6F86-4C79-BD85-8DF30AEAE4D7}"
EndProject
Project("{2150E333-8FDC-42A3-9474-1A3956D46DE8}") = "Test", "Test", "{A201CEAB-3980-4E3A-AC99-057022579D5E}"
EndProject
Project("{FAE04EC0-301F-11D3-BF4B-00C04F79EFBC}") = "CalculadoraEjemploTest", "CalculadoraEjemploTest\CalculadoraEjemploTest.csproj", "{FC9B06BA-9A2C-45F4-B930-9D7A0EAF389E}"
EndProject
Project("{FAE04EC0-301F-11D3-BF4B-00C04F79EFBC}") = "CalculadoraEjemplo", "CalculadoraEjemplo\CalculadoraEjemplo.csproj", "{70C21550-5550-4BCA-982A-F784B8A97B70}"
EndProject
Project("{FAE04EC0-301F-11D3-BF4B-00C04F79EFBC}") = "20-Sealed", "Sealed\20-Sealed.csproj", "{BFB522CE-329B-4AE4-AC44-7FFA3244B805}"
EndProject
Project("{FAE04EC0-301F-11D3-BF4B-00C04F79EFBC}") = "21-Queue", "colas\21-Queue.csproj", "{146B97C3-E575-4DFA-83D8-9C7574F01CB2}"
EndProject
Project("{FAE04EC0-301F-11D3-BF4B-00C04F79EFBC}") = "22-Stack", "Stack\22-Stack.csproj", "{2C9F2D0E-C690-4DF3-96ED-B58AD16352C6}"
EndProject
Project("{FAE04EC0-301F-11D3-BF4B-00C04F79EFBC}") = "23-Diccionario", "Diccionario\23-Diccionario.csproj", "{388A7CF4-2E88-426D-86C1-6696FADAD37F}"
EndProject
Project("{FAE04EC0-301F-11D3-BF4B-00C04F79EFBC}") = "24-PriorityQueue", "PriorityQueue\24-PriorityQueue.csproj", "{58C6CA1D-6810-4D6C-9F5A-D812E7F3F7EA}"
EndProject
Global
	GlobalSection(SolutionConfigurationPlatforms) = preSolution
		Debug|Any CPU = Debug|Any CPU
		Release|Any CPU = Release|Any CPU
	EndGlobalSection
	GlobalSection(ProjectConfigurationPlatforms) = postSolution
		{BF424F70-75DC-4241-9570-94862FE40038}.Debug|Any CPU.ActiveCfg = Debug|Any CPU
		{BF424F70-75DC-4241-9570-94862FE40038}.Debug|Any CPU.Build.0 = Debug|Any CPU
		{BF424F70-75DC-4241-9570-94862FE40038}.Release|Any CPU.ActiveCfg = Release|Any CPU
		{BF424F70-75DC-4241-9570-94862FE40038}.Release|Any CPU.Build.0 = Release|Any CPU
		{506BDABF-75CA-4F3E-82C0-A63606683C40}.Debug|Any CPU.ActiveCfg = Debug|Any CPU
		{506BDABF-75CA-4F3E-82C0-A63606683C40}.Debug|Any CPU.Build.0 = Debug|Any CPU
		{506BDABF-75CA-4F3E-82C0-A63606683C40}.Release|Any CPU.ActiveCfg = Release|Any CPU
		{506BDABF-75CA-4F3E-82C0-A63606683C40}.Release|Any CPU.Build.0 = Release|Any CPU
		{9892DDCC-5FC3-4B43-890B-93384CD12323}.Debug|Any CPU.ActiveCfg = Debug|Any CPU
		{9892DDCC-5FC3-4B43-890B-93384CD12323}.Debug|Any CPU.Build.0 = Debug|Any CPU
		{9892DDCC-5FC3-4B43-890B-93384CD12323}.Release|Any CPU.ActiveCfg = Release|Any CPU
		{9892DDCC-5FC3-4B43-890B-93384CD12323}.Release|Any CPU.Build.0 = Release|Any CPU
		{E843EA27-0D0F-4D62-9B3D-D817D0435F3B}.Debug|Any CPU.ActiveCfg = Debug|Any CPU
		{E843EA27-0D0F-4D62-9B3D-D817D0435F3B}.Debug|Any CPU.Build.0 = Debug|Any CPU
		{E843EA27-0D0F-4D62-9B3D-D817D0435F3B}.Release|Any CPU.ActiveCfg = Release|Any CPU
		{E843EA27-0D0F-4D62-9B3D-D817D0435F3B}.Release|Any CPU.Build.0 = Release|Any CPU
		{6D7F71B7-DEC6-464C-A147-FE05FBEFE2FE}.Debug|Any CPU.ActiveCfg = Debug|Any CPU
		{6D7F71B7-DEC6-464C-A147-FE05FBEFE2FE}.Debug|Any CPU.Build.0 = Debug|Any CPU
		{6D7F71B7-DEC6-464C-A147-FE05FBEFE2FE}.Release|Any CPU.ActiveCfg = Release|Any CPU
		{6D7F71B7-DEC6-464C-A147-FE05FBEFE2FE}.Release|Any CPU.Build.0 = Release|Any CPU
		{DE8C4063-8ACC-4CFF-8A59-2DF9703BB7C7}.Debug|Any CPU.ActiveCfg = Debug|Any CPU
		{DE8C4063-8ACC-4CFF-8A59-2DF9703BB7C7}.Debug|Any CPU.Build.0 = Debug|Any CPU
		{DE8C4063-8ACC-4CFF-8A59-2DF9703BB7C7}.Release|Any CPU.ActiveCfg = Release|Any CPU
		{DE8C4063-8ACC-4CFF-8A59-2DF9703BB7C7}.Release|Any CPU.Build.0 = Release|Any CPU
		{4663561E-D54D-439C-A212-E50523E32B57}.Debug|Any CPU.ActiveCfg = Debug|Any CPU
		{4663561E-D54D-439C-A212-E50523E32B57}.Debug|Any CPU.Build.0 = Debug|Any CPU
		{4663561E-D54D-439C-A212-E50523E32B57}.Release|Any CPU.ActiveCfg = Release|Any CPU
		{4663561E-D54D-439C-A212-E50523E32B57}.Release|Any CPU.Build.0 = Release|Any CPU
		{503B2AEF-E681-429F-A48B-A0DB80C6453A}.Debug|Any CPU.ActiveCfg = Debug|Any CPU
		{503B2AEF-E681-429F-A48B-A0DB80C6453A}.Debug|Any CPU.Build.0 = Debug|Any CPU
		{503B2AEF-E681-429F-A48B-A0DB80C6453A}.Release|Any CPU.ActiveCfg = Release|Any CPU
		{503B2AEF-E681-429F-A48B-A0DB80C6453A}.Release|Any CPU.Build.0 = Release|Any CPU
		{887BE35C-0326-4B14-892F-2D018681C8DD}.Debug|Any CPU.ActiveCfg = Debug|Any CPU
		{887BE35C-0326-4B14-892F-2D018681C8DD}.Debug|Any CPU.Build.0 = Debug|Any CPU
		{887BE35C-0326-4B14-892F-2D018681C8DD}.Release|Any CPU.ActiveCfg = Release|Any CPU
		{887BE35C-0326-4B14-892F-2D018681C8DD}.Release|Any CPU.Build.0 = Release|Any CPU
		{E78CB700-469B-47FF-BE2B-CC569AB8FC59}.Debug|Any CPU.ActiveCfg = Debug|Any CPU
		{E78CB700-469B-47FF-BE2B-CC569AB8FC59}.Debug|Any CPU.Build.0 = Debug|Any CPU
		{E78CB700-469B-47FF-BE2B-CC569AB8FC59}.Release|Any CPU.ActiveCfg = Release|Any CPU
		{E78CB700-469B-47FF-BE2B-CC569AB8FC59}.Release|Any CPU.Build.0 = Release|Any CPU
		{47FAB64F-D65B-4D0C-92FE-06C64AC923F3}.Debug|Any CPU.ActiveCfg = Debug|Any CPU
		{47FAB64F-D65B-4D0C-92FE-06C64AC923F3}.Debug|Any CPU.Build.0 = Debug|Any CPU
		{47FAB64F-D65B-4D0C-92FE-06C64AC923F3}.Release|Any CPU.ActiveCfg = Release|Any CPU
		{47FAB64F-D65B-4D0C-92FE-06C64AC923F3}.Release|Any CPU.Build.0 = Release|Any CPU
		{212CFC3B-2E52-4A46-BADE-9F200EAF9C72}.Debug|Any CPU.ActiveCfg = Debug|Any CPU
		{212CFC3B-2E52-4A46-BADE-9F200EAF9C72}.Debug|Any CPU.Build.0 = Debug|Any CPU
		{212CFC3B-2E52-4A46-BADE-9F200EAF9C72}.Release|Any CPU.ActiveCfg = Release|Any CPU
		{212CFC3B-2E52-4A46-BADE-9F200EAF9C72}.Release|Any CPU.Build.0 = Release|Any CPU
		{2C2CA929-9981-4D60-9373-83CDB42B6775}.Debug|Any CPU.ActiveCfg = Debug|Any CPU
		{2C2CA929-9981-4D60-9373-83CDB42B6775}.Debug|Any CPU.Build.0 = Debug|Any CPU
		{2C2CA929-9981-4D60-9373-83CDB42B6775}.Release|Any CPU.ActiveCfg = Release|Any CPU
		{2C2CA929-9981-4D60-9373-83CDB42B6775}.Release|Any CPU.Build.0 = Release|Any CPU
		{56C1FAD3-0930-49D4-AC1F-88E627E2B6F5}.Debug|Any CPU.ActiveCfg = Debug|Any CPU
		{56C1FAD3-0930-49D4-AC1F-88E627E2B6F5}.Debug|Any CPU.Build.0 = Debug|Any CPU
		{56C1FAD3-0930-49D4-AC1F-88E627E2B6F5}.Release|Any CPU.ActiveCfg = Release|Any CPU
		{56C1FAD3-0930-49D4-AC1F-88E627E2B6F5}.Release|Any CPU.Build.0 = Release|Any CPU
		{DED5601E-5551-4A19-8B74-F0EECC96F83B}.Debug|Any CPU.ActiveCfg = Debug|Any CPU
		{DED5601E-5551-4A19-8B74-F0EECC96F83B}.Debug|Any CPU.Build.0 = Debug|Any CPU
		{DED5601E-5551-4A19-8B74-F0EECC96F83B}.Release|Any CPU.ActiveCfg = Release|Any CPU
		{DED5601E-5551-4A19-8B74-F0EECC96F83B}.Release|Any CPU.Build.0 = Release|Any CPU
		{F201D4B4-83F7-4A57-9515-A73557FC356D}.Debug|Any CPU.ActiveCfg = Debug|Any CPU
		{F201D4B4-83F7-4A57-9515-A73557FC356D}.Debug|Any CPU.Build.0 = Debug|Any CPU
		{F201D4B4-83F7-4A57-9515-A73557FC356D}.Release|Any CPU.ActiveCfg = Release|Any CPU
		{F201D4B4-83F7-4A57-9515-A73557FC356D}.Release|Any CPU.Build.0 = Release|Any CPU
		{0AD1B0C6-710E-4040-85EC-DBF5E034A333}.Debug|Any CPU.ActiveCfg = Debug|Any CPU
		{0AD1B0C6-710E-4040-85EC-DBF5E034A333}.Debug|Any CPU.Build.0 = Debug|Any CPU
		{0AD1B0C6-710E-4040-85EC-DBF5E034A333}.Release|Any CPU.ActiveCfg = Release|Any CPU
		{0AD1B0C6-710E-4040-85EC-DBF5E034A333}.Release|Any CPU.Build.0 = Release|Any CPU
		{1F310B3A-57F3-4D08-87B7-46CE72C117AA}.Debug|Any CPU.ActiveCfg = Debug|Any CPU
		{1F310B3A-57F3-4D08-87B7-46CE72C117AA}.Debug|Any CPU.Build.0 = Debug|Any CPU
		{1F310B3A-57F3-4D08-87B7-46CE72C117AA}.Release|Any CPU.ActiveCfg = Release|Any CPU
		{1F310B3A-57F3-4D08-87B7-46CE72C117AA}.Release|Any CPU.Build.0 = Release|Any CPU
		{A7A37D12-C860-4E4E-93C2-35ABDFDA4C7D}.Debug|Any CPU.ActiveCfg = Debug|Any CPU
		{A7A37D12-C860-4E4E-93C2-35ABDFDA4C7D}.Debug|Any CPU.Build.0 = Debug|Any CPU
		{A7A37D12-C860-4E4E-93C2-35ABDFDA4C7D}.Release|Any CPU.ActiveCfg = Release|Any CPU
		{A7A37D12-C860-4E4E-93C2-35ABDFDA4C7D}.Release|Any CPU.Build.0 = Release|Any CPU
		{5881DA33-3D9F-4ED0-B393-817A80764E05}.Debug|Any CPU.ActiveCfg = Debug|Any CPU
		{5881DA33-3D9F-4ED0-B393-817A80764E05}.Debug|Any CPU.Build.0 = Debug|Any CPU
		{5881DA33-3D9F-4ED0-B393-817A80764E05}.Release|Any CPU.ActiveCfg = Release|Any CPU
		{5881DA33-3D9F-4ED0-B393-817A80764E05}.Release|Any CPU.Build.0 = Release|Any CPU
		{F9F574A8-DA70-48D8-94F2-86437E1091D3}.Debug|Any CPU.ActiveCfg = Debug|Any CPU
		{F9F574A8-DA70-48D8-94F2-86437E1091D3}.Debug|Any CPU.Build.0 = Debug|Any CPU
		{F9F574A8-DA70-48D8-94F2-86437E1091D3}.Release|Any CPU.ActiveCfg = Release|Any CPU
		{F9F574A8-DA70-48D8-94F2-86437E1091D3}.Release|Any CPU.Build.0 = Release|Any CPU
		{DB4E3FEA-54E3-429A-B9F5-DEEA955A760C}.Debug|Any CPU.ActiveCfg = Debug|Any CPU
		{DB4E3FEA-54E3-429A-B9F5-DEEA955A760C}.Debug|Any CPU.Build.0 = Debug|Any CPU
		{DB4E3FEA-54E3-429A-B9F5-DEEA955A760C}.Release|Any CPU.ActiveCfg = Release|Any CPU
		{DB4E3FEA-54E3-429A-B9F5-DEEA955A760C}.Release|Any CPU.Build.0 = Release|Any CPU
		{939611D0-C78E-439C-A47F-3112D11D7271}.Debug|Any CPU.ActiveCfg = Debug|Any CPU
		{939611D0-C78E-439C-A47F-3112D11D7271}.Debug|Any CPU.Build.0 = Debug|Any CPU
		{939611D0-C78E-439C-A47F-3112D11D7271}.Release|Any CPU.ActiveCfg = Release|Any CPU
		{939611D0-C78E-439C-A47F-3112D11D7271}.Release|Any CPU.Build.0 = Release|Any CPU
		{4B4E5D08-7EAC-43A8-BD6B-01151934F3BC}.Debug|Any CPU.ActiveCfg = Debug|Any CPU
		{4B4E5D08-7EAC-43A8-BD6B-01151934F3BC}.Debug|Any CPU.Build.0 = Debug|Any CPU
		{4B4E5D08-7EAC-43A8-BD6B-01151934F3BC}.Release|Any CPU.ActiveCfg = Release|Any CPU
		{4B4E5D08-7EAC-43A8-BD6B-01151934F3BC}.Release|Any CPU.Build.0 = Release|Any CPU
		{82AA389E-9F60-4A09-8DB1-EDDF3F35EACD}.Debug|Any CPU.ActiveCfg = Debug|Any CPU
		{82AA389E-9F60-4A09-8DB1-EDDF3F35EACD}.Debug|Any CPU.Build.0 = Debug|Any CPU
		{82AA389E-9F60-4A09-8DB1-EDDF3F35EACD}.Release|Any CPU.ActiveCfg = Release|Any CPU
		{82AA389E-9F60-4A09-8DB1-EDDF3F35EACD}.Release|Any CPU.Build.0 = Release|Any CPU
		{89ED5CC4-70CD-4B48-93FE-CDE06125F994}.Debug|Any CPU.ActiveCfg = Debug|Any CPU
		{89ED5CC4-70CD-4B48-93FE-CDE06125F994}.Debug|Any CPU.Build.0 = Debug|Any CPU
		{89ED5CC4-70CD-4B48-93FE-CDE06125F994}.Release|Any CPU.ActiveCfg = Release|Any CPU
		{89ED5CC4-70CD-4B48-93FE-CDE06125F994}.Release|Any CPU.Build.0 = Release|Any CPU
		{44E45F50-7808-40C8-B645-9FC03E0B4716}.Debug|Any CPU.ActiveCfg = Debug|Any CPU
		{44E45F50-7808-40C8-B645-9FC03E0B4716}.Debug|Any CPU.Build.0 = Debug|Any CPU
		{44E45F50-7808-40C8-B645-9FC03E0B4716}.Release|Any CPU.ActiveCfg = Release|Any CPU
		{44E45F50-7808-40C8-B645-9FC03E0B4716}.Release|Any CPU.Build.0 = Release|Any CPU
		{033D0670-2586-40F7-9E7F-BF9697FE736E}.Debug|Any CPU.ActiveCfg = Debug|Any CPU
		{033D0670-2586-40F7-9E7F-BF9697FE736E}.Debug|Any CPU.Build.0 = Debug|Any CPU
		{033D0670-2586-40F7-9E7F-BF9697FE736E}.Release|Any CPU.ActiveCfg = Release|Any CPU
		{033D0670-2586-40F7-9E7F-BF9697FE736E}.Release|Any CPU.Build.0 = Release|Any CPU
		{F711C0FE-1EB3-44B9-A0E6-543A5C431C66}.Debug|Any CPU.ActiveCfg = Debug|Any CPU
		{F711C0FE-1EB3-44B9-A0E6-543A5C431C66}.Debug|Any CPU.Build.0 = Debug|Any CPU
		{F711C0FE-1EB3-44B9-A0E6-543A5C431C66}.Release|Any CPU.ActiveCfg = Release|Any CPU
		{F711C0FE-1EB3-44B9-A0E6-543A5C431C66}.Release|Any CPU.Build.0 = Release|Any CPU
		{9F39EA8A-960A-477F-A4CB-1EC69DB0065F}.Debug|Any CPU.ActiveCfg = Debug|Any CPU
		{9F39EA8A-960A-477F-A4CB-1EC69DB0065F}.Debug|Any CPU.Build.0 = Debug|Any CPU
		{9F39EA8A-960A-477F-A4CB-1EC69DB0065F}.Release|Any CPU.ActiveCfg = Release|Any CPU
		{9F39EA8A-960A-477F-A4CB-1EC69DB0065F}.Release|Any CPU.Build.0 = Release|Any CPU
		{65406D61-1E69-468C-A28B-418CA8223D28}.Debug|Any CPU.ActiveCfg = Debug|Any CPU
		{65406D61-1E69-468C-A28B-418CA8223D28}.Debug|Any CPU.Build.0 = Debug|Any CPU
		{65406D61-1E69-468C-A28B-418CA8223D28}.Release|Any CPU.ActiveCfg = Release|Any CPU
		{65406D61-1E69-468C-A28B-418CA8223D28}.Release|Any CPU.Build.0 = Release|Any CPU
		{48A68194-FD0F-40DB-AC22-A12903287DE2}.Debug|Any CPU.ActiveCfg = Debug|Any CPU
		{48A68194-FD0F-40DB-AC22-A12903287DE2}.Debug|Any CPU.Build.0 = Debug|Any CPU
		{48A68194-FD0F-40DB-AC22-A12903287DE2}.Release|Any CPU.ActiveCfg = Release|Any CPU
		{48A68194-FD0F-40DB-AC22-A12903287DE2}.Release|Any CPU.Build.0 = Release|Any CPU
		{1016CF26-A6D8-4E5D-AEE4-C191F9950241}.Debug|Any CPU.ActiveCfg = Debug|Any CPU
		{1016CF26-A6D8-4E5D-AEE4-C191F9950241}.Debug|Any CPU.Build.0 = Debug|Any CPU
		{1016CF26-A6D8-4E5D-AEE4-C191F9950241}.Release|Any CPU.ActiveCfg = Release|Any CPU
		{1016CF26-A6D8-4E5D-AEE4-C191F9950241}.Release|Any CPU.Build.0 = Release|Any CPU
		{C12DAA22-E2F7-4F42-921E-398EE569505B}.Debug|Any CPU.ActiveCfg = Debug|Any CPU
		{C12DAA22-E2F7-4F42-921E-398EE569505B}.Debug|Any CPU.Build.0 = Debug|Any CPU
		{C12DAA22-E2F7-4F42-921E-398EE569505B}.Release|Any CPU.ActiveCfg = Release|Any CPU
		{C12DAA22-E2F7-4F42-921E-398EE569505B}.Release|Any CPU.Build.0 = Release|Any CPU
		{0BE2A05A-CE34-4F0C-B280-5C269D74CA25}.Debug|Any CPU.ActiveCfg = Debug|Any CPU
		{0BE2A05A-CE34-4F0C-B280-5C269D74CA25}.Debug|Any CPU.Build.0 = Debug|Any CPU
		{0BE2A05A-CE34-4F0C-B280-5C269D74CA25}.Release|Any CPU.ActiveCfg = Release|Any CPU
		{0BE2A05A-CE34-4F0C-B280-5C269D74CA25}.Release|Any CPU.Build.0 = Release|Any CPU
		{8CD925C7-02D5-4072-A473-20493206131C}.Debug|Any CPU.ActiveCfg = Debug|Any CPU
		{8CD925C7-02D5-4072-A473-20493206131C}.Debug|Any CPU.Build.0 = Debug|Any CPU
		{8CD925C7-02D5-4072-A473-20493206131C}.Release|Any CPU.ActiveCfg = Release|Any CPU
		{8CD925C7-02D5-4072-A473-20493206131C}.Release|Any CPU.Build.0 = Release|Any CPU
		{E3DA1297-5C87-437B-9173-1FC7FD0BDE0E}.Debug|Any CPU.ActiveCfg = Debug|Any CPU
		{E3DA1297-5C87-437B-9173-1FC7FD0BDE0E}.Debug|Any CPU.Build.0 = Debug|Any CPU
		{E3DA1297-5C87-437B-9173-1FC7FD0BDE0E}.Release|Any CPU.ActiveCfg = Release|Any CPU
		{E3DA1297-5C87-437B-9173-1FC7FD0BDE0E}.Release|Any CPU.Build.0 = Release|Any CPU
		{F8E920E7-ED25-4A5A-94E5-5992BDCDEAD0}.Debug|Any CPU.ActiveCfg = Debug|Any CPU
		{F8E920E7-ED25-4A5A-94E5-5992BDCDEAD0}.Debug|Any CPU.Build.0 = Debug|Any CPU
		{F8E920E7-ED25-4A5A-94E5-5992BDCDEAD0}.Release|Any CPU.ActiveCfg = Release|Any CPU
		{F8E920E7-ED25-4A5A-94E5-5992BDCDEAD0}.Release|Any CPU.Build.0 = Release|Any CPU
		{8D5D1E46-577A-4486-87C5-7604E741E48D}.Debug|Any CPU.ActiveCfg = Debug|Any CPU
		{8D5D1E46-577A-4486-87C5-7604E741E48D}.Debug|Any CPU.Build.0 = Debug|Any CPU
		{8D5D1E46-577A-4486-87C5-7604E741E48D}.Release|Any CPU.ActiveCfg = Release|Any CPU
		{8D5D1E46-577A-4486-87C5-7604E741E48D}.Release|Any CPU.Build.0 = Release|Any CPU
		{59A0AE1D-82EC-4F7F-8D91-A98C9D34BAB0}.Debug|Any CPU.ActiveCfg = Debug|Any CPU
		{59A0AE1D-82EC-4F7F-8D91-A98C9D34BAB0}.Debug|Any CPU.Build.0 = Debug|Any CPU
		{59A0AE1D-82EC-4F7F-8D91-A98C9D34BAB0}.Release|Any CPU.ActiveCfg = Release|Any CPU
		{59A0AE1D-82EC-4F7F-8D91-A98C9D34BAB0}.Release|Any CPU.Build.0 = Release|Any CPU
		{EA1AD863-64B0-490D-A835-906F2C03A2B2}.Debug|Any CPU.ActiveCfg = Debug|Any CPU
		{EA1AD863-64B0-490D-A835-906F2C03A2B2}.Debug|Any CPU.Build.0 = Debug|Any CPU
		{EA1AD863-64B0-490D-A835-906F2C03A2B2}.Release|Any CPU.ActiveCfg = Release|Any CPU
		{EA1AD863-64B0-490D-A835-906F2C03A2B2}.Release|Any CPU.Build.0 = Release|Any CPU
		{0EAC7F15-6F86-4C79-BD85-8DF30AEAE4D7}.Debug|Any CPU.ActiveCfg = Debug|Any CPU
		{0EAC7F15-6F86-4C79-BD85-8DF30AEAE4D7}.Debug|Any CPU.Build.0 = Debug|Any CPU
		{0EAC7F15-6F86-4C79-BD85-8DF30AEAE4D7}.Release|Any CPU.ActiveCfg = Release|Any CPU
		{0EAC7F15-6F86-4C79-BD85-8DF30AEAE4D7}.Release|Any CPU.Build.0 = Release|Any CPU
		{FC9B06BA-9A2C-45F4-B930-9D7A0EAF389E}.Debug|Any CPU.ActiveCfg = Debug|Any CPU
		{FC9B06BA-9A2C-45F4-B930-9D7A0EAF389E}.Debug|Any CPU.Build.0 = Debug|Any CPU
		{FC9B06BA-9A2C-45F4-B930-9D7A0EAF389E}.Release|Any CPU.ActiveCfg = Release|Any CPU
		{FC9B06BA-9A2C-45F4-B930-9D7A0EAF389E}.Release|Any CPU.Build.0 = Release|Any CPU
		{70C21550-5550-4BCA-982A-F784B8A97B70}.Debug|Any CPU.ActiveCfg = Debug|Any CPU
		{70C21550-5550-4BCA-982A-F784B8A97B70}.Debug|Any CPU.Build.0 = Debug|Any CPU
		{70C21550-5550-4BCA-982A-F784B8A97B70}.Release|Any CPU.ActiveCfg = Release|Any CPU
		{70C21550-5550-4BCA-982A-F784B8A97B70}.Release|Any CPU.Build.0 = Release|Any CPU
		{BFB522CE-329B-4AE4-AC44-7FFA3244B805}.Debug|Any CPU.ActiveCfg = Debug|Any CPU
		{BFB522CE-329B-4AE4-AC44-7FFA3244B805}.Debug|Any CPU.Build.0 = Debug|Any CPU
		{BFB522CE-329B-4AE4-AC44-7FFA3244B805}.Release|Any CPU.ActiveCfg = Release|Any CPU
		{BFB522CE-329B-4AE4-AC44-7FFA3244B805}.Release|Any CPU.Build.0 = Release|Any CPU
		{146B97C3-E575-4DFA-83D8-9C7574F01CB2}.Debug|Any CPU.ActiveCfg = Debug|Any CPU
		{146B97C3-E575-4DFA-83D8-9C7574F01CB2}.Debug|Any CPU.Build.0 = Debug|Any CPU
		{146B97C3-E575-4DFA-83D8-9C7574F01CB2}.Release|Any CPU.ActiveCfg = Release|Any CPU
		{146B97C3-E575-4DFA-83D8-9C7574F01CB2}.Release|Any CPU.Build.0 = Release|Any CPU
		{2C9F2D0E-C690-4DF3-96ED-B58AD16352C6}.Debug|Any CPU.ActiveCfg = Debug|Any CPU
		{2C9F2D0E-C690-4DF3-96ED-B58AD16352C6}.Debug|Any CPU.Build.0 = Debug|Any CPU
		{2C9F2D0E-C690-4DF3-96ED-B58AD16352C6}.Release|Any CPU.ActiveCfg = Release|Any CPU
		{2C9F2D0E-C690-4DF3-96ED-B58AD16352C6}.Release|Any CPU.Build.0 = Release|Any CPU
		{388A7CF4-2E88-426D-86C1-6696FADAD37F}.Debug|Any CPU.ActiveCfg = Debug|Any CPU
		{388A7CF4-2E88-426D-86C1-6696FADAD37F}.Debug|Any CPU.Build.0 = Debug|Any CPU
		{388A7CF4-2E88-426D-86C1-6696FADAD37F}.Release|Any CPU.ActiveCfg = Release|Any CPU
		{388A7CF4-2E88-426D-86C1-6696FADAD37F}.Release|Any CPU.Build.0 = Release|Any CPU
		{58C6CA1D-6810-4D6C-9F5A-D812E7F3F7EA}.Debug|Any CPU.ActiveCfg = Debug|Any CPU
		{58C6CA1D-6810-4D6C-9F5A-D812E7F3F7EA}.Debug|Any CPU.Build.0 = Debug|Any CPU
		{58C6CA1D-6810-4D6C-9F5A-D812E7F3F7EA}.Release|Any CPU.ActiveCfg = Release|Any CPU
		{58C6CA1D-6810-4D6C-9F5A-D812E7F3F7EA}.Release|Any CPU.Build.0 = Release|Any CPU
	EndGlobalSection
	GlobalSection(SolutionProperties) = preSolution
		HideSolutionNode = FALSE
	EndGlobalSection
	GlobalSection(NestedProjects) = preSolution
		{BF424F70-75DC-4241-9570-94862FE40038} = {6F741356-CB6C-4946-9BD1-7AC205B9AF83}
		{506BDABF-75CA-4F3E-82C0-A63606683C40} = {6F741356-CB6C-4946-9BD1-7AC205B9AF83}
		{9892DDCC-5FC3-4B43-890B-93384CD12323} = {6F741356-CB6C-4946-9BD1-7AC205B9AF83}
		{E843EA27-0D0F-4D62-9B3D-D817D0435F3B} = {6F741356-CB6C-4946-9BD1-7AC205B9AF83}
		{6D7F71B7-DEC6-464C-A147-FE05FBEFE2FE} = {6F741356-CB6C-4946-9BD1-7AC205B9AF83}
		{DE8C4063-8ACC-4CFF-8A59-2DF9703BB7C7} = {6F741356-CB6C-4946-9BD1-7AC205B9AF83}
		{4663561E-D54D-439C-A212-E50523E32B57} = {6F741356-CB6C-4946-9BD1-7AC205B9AF83}
		{503B2AEF-E681-429F-A48B-A0DB80C6453A} = {47579F33-C122-4B84-BB59-FD01CBD33689}
		{887BE35C-0326-4B14-892F-2D018681C8DD} = {47579F33-C122-4B84-BB59-FD01CBD33689}
		{E78CB700-469B-47FF-BE2B-CC569AB8FC59} = {47579F33-C122-4B84-BB59-FD01CBD33689}
		{47FAB64F-D65B-4D0C-92FE-06C64AC923F3} = {47579F33-C122-4B84-BB59-FD01CBD33689}
		{212CFC3B-2E52-4A46-BADE-9F200EAF9C72} = {47579F33-C122-4B84-BB59-FD01CBD33689}
		{2C2CA929-9981-4D60-9373-83CDB42B6775} = {6F741356-CB6C-4946-9BD1-7AC205B9AF83}
		{56C1FAD3-0930-49D4-AC1F-88E627E2B6F5} = {47579F33-C122-4B84-BB59-FD01CBD33689}
		{DED5601E-5551-4A19-8B74-F0EECC96F83B} = {47579F33-C122-4B84-BB59-FD01CBD33689}
		{F201D4B4-83F7-4A57-9515-A73557FC356D} = {47579F33-C122-4B84-BB59-FD01CBD33689}
		{0AD1B0C6-710E-4040-85EC-DBF5E034A333} = {6F741356-CB6C-4946-9BD1-7AC205B9AF83}
		{1F310B3A-57F3-4D08-87B7-46CE72C117AA} = {47579F33-C122-4B84-BB59-FD01CBD33689}
		{A7A37D12-C860-4E4E-93C2-35ABDFDA4C7D} = {47579F33-C122-4B84-BB59-FD01CBD33689}
		{5881DA33-3D9F-4ED0-B393-817A80764E05} = {6F741356-CB6C-4946-9BD1-7AC205B9AF83}
		{F9F574A8-DA70-48D8-94F2-86437E1091D3} = {47579F33-C122-4B84-BB59-FD01CBD33689}
		{DB4E3FEA-54E3-429A-B9F5-DEEA955A760C} = {679C0A22-EDA0-4338-BA33-1EF16DE7DD08}
		{939611D0-C78E-439C-A47F-3112D11D7271} = {44383000-6593-4BFE-8DDC-7C6B03FAEE39}
		{4B4E5D08-7EAC-43A8-BD6B-01151934F3BC} = {44383000-6593-4BFE-8DDC-7C6B03FAEE39}
		{82AA389E-9F60-4A09-8DB1-EDDF3F35EACD} = {679C0A22-EDA0-4338-BA33-1EF16DE7DD08}
		{89ED5CC4-70CD-4B48-93FE-CDE06125F994} = {6F741356-CB6C-4946-9BD1-7AC205B9AF83}
		{44E45F50-7808-40C8-B645-9FC03E0B4716} = {6F741356-CB6C-4946-9BD1-7AC205B9AF83}
		{033D0670-2586-40F7-9E7F-BF9697FE736E} = {6F741356-CB6C-4946-9BD1-7AC205B9AF83}
		{F711C0FE-1EB3-44B9-A0E6-543A5C431C66} = {6F741356-CB6C-4946-9BD1-7AC205B9AF83}
		{9F39EA8A-960A-477F-A4CB-1EC69DB0065F} = {47579F33-C122-4B84-BB59-FD01CBD33689}
		{65406D61-1E69-468C-A28B-418CA8223D28} = {6F741356-CB6C-4946-9BD1-7AC205B9AF83}
		{48A68194-FD0F-40DB-AC22-A12903287DE2} = {6F741356-CB6C-4946-9BD1-7AC205B9AF83}
		{1016CF26-A6D8-4E5D-AEE4-C191F9950241} = {6F741356-CB6C-4946-9BD1-7AC205B9AF83}
		{C12DAA22-E2F7-4F42-921E-398EE569505B} = {6F741356-CB6C-4946-9BD1-7AC205B9AF83}
		{0BE2A05A-CE34-4F0C-B280-5C269D74CA25} = {6F741356-CB6C-4946-9BD1-7AC205B9AF83}
		{8CD925C7-02D5-4072-A473-20493206131C} = {47579F33-C122-4B84-BB59-FD01CBD33689}
		{E3DA1297-5C87-437B-9173-1FC7FD0BDE0E} = {47579F33-C122-4B84-BB59-FD01CBD33689}
		{F8E920E7-ED25-4A5A-94E5-5992BDCDEAD0} = {47579F33-C122-4B84-BB59-FD01CBD33689}
		{8D5D1E46-577A-4486-87C5-7604E741E48D} = {47579F33-C122-4B84-BB59-FD01CBD33689}
		{59A0AE1D-82EC-4F7F-8D91-A98C9D34BAB0} = {47579F33-C122-4B84-BB59-FD01CBD33689}
		{EA1AD863-64B0-490D-A835-906F2C03A2B2} = {47579F33-C122-4B84-BB59-FD01CBD33689}
		{0EAC7F15-6F86-4C79-BD85-8DF30AEAE4D7} = {47579F33-C122-4B84-BB59-FD01CBD33689}
		{FC9B06BA-9A2C-45F4-B930-9D7A0EAF389E} = {A201CEAB-3980-4E3A-AC99-057022579D5E}
		{70C21550-5550-4BCA-982A-F784B8A97B70} = {A201CEAB-3980-4E3A-AC99-057022579D5E}
		{BFB522CE-329B-4AE4-AC44-7FFA3244B805} = {47579F33-C122-4B84-BB59-FD01CBD33689}
		{146B97C3-E575-4DFA-83D8-9C7574F01CB2} = {47579F33-C122-4B84-BB59-FD01CBD33689}
		{2C9F2D0E-C690-4DF3-96ED-B58AD16352C6} = {47579F33-C122-4B84-BB59-FD01CBD33689}
		{388A7CF4-2E88-426D-86C1-6696FADAD37F} = {47579F33-C122-4B84-BB59-FD01CBD33689}
		{58C6CA1D-6810-4D6C-9F5A-D812E7F3F7EA} = {47579F33-C122-4B84-BB59-FD01CBD33689}
	EndGlobalSection
	GlobalSection(ExtensibilityGlobals) = postSolution
		SolutionGuid = {09B4839F-02B8-4B63-9371-44A965349ECC}
	EndGlobalSection
EndGlobal
