
Microsoft Visual Studio Solution File, Format Version 12.00
# Visual Studio Version 17
VisualStudioVersion = 17.0.31912.275
MinimumVisualStudioVersion = 10.0.40219.1
Project("{9A19103F-16F7-4668-BE54-9A1E7A4F7556}") = "02-Variables", "Variables\02-Variables.csproj", "{BF424F70-75DC-4241-9570-94862FE40038}"
EndProject
Project("{9A19103F-16F7-4668-BE54-9A1E7A4F7556}") = "03-TipoDeDatos", "TipoDeDatos\03-TipoDeDatos.csproj", "{506BDABF-75CA-4F3E-82C0-A63606683C40}"
EndProject
Project("{9A19103F-16F7-4668-BE54-9A1E7A4F7556}") = "08-Funciones", "Funciones\08-Funciones.csproj", "{9892DDCC-5FC3-4B43-890B-93384CD12323}"
EndProject
Project("{9A19103F-16F7-4668-BE54-9A1E7A4F7556}") = "09-SenenciaIfElseIf", "SenenciaIfElseIf\09-SenenciaIfElseIf.csproj", "{E843EA27-0D0F-4D62-9B3D-D817D0435F3B}"
EndProject
Project("{9A19103F-16F7-4668-BE54-9A1E7A4F7556}") = "12-Arreglos", "Arreglos\12-Arreglos.csproj", "{6D7F71B7-DEC6-464C-A147-FE05FBEFE2FE}"
EndProject
Project("{9A19103F-16F7-4668-BE54-9A1E7A4F7556}") = "11-While", "While\11-While.csproj", "{DE8C4063-8ACC-4CFF-8A59-2DF9703BB7C7}"
EndProject
Project("{9A19103F-16F7-4668-BE54-9A1E7A4F7556}") = "13-For", "For\13-For.csproj", "{4663561E-D54D-439C-A212-E50523E32B57}"
EndProject
Project("{9A19103F-16F7-4668-BE54-9A1E7A4F7556}") = "14-ClasesYObjetos", "ClasesYObjetos\14-ClasesYObjetos.csproj", "{CB2B4A4B-AAFF-4BF3-BA1D-08DAD2B4A4E9}"
EndProject
Project("{9A19103F-16F7-4668-BE54-9A1E7A4F7556}") = "15-Propiedades", "Propiedades\15-Propiedades.csproj", "{B7DE1AF5-E062-42C0-918C-DF101FE96E03}"
EndProject
Project("{9A19103F-16F7-4668-BE54-9A1E7A4F7556}") = "17-Herencia", "Herencia\17-Herencia.csproj", "{9B94A204-6193-4A26-8D19-98BE19E7106E}"
EndProject
Project("{9A19103F-16F7-4668-BE54-9A1E7A4F7556}") = "18-Sobrecarga", "Sobrecarga\18-Sobrecarga.csproj", "{AE480D0E-7283-414B-9936-6087706C9D33}"
EndProject
Project("{9A19103F-16F7-4668-BE54-9A1E7A4F7556}") = "19-Sobreescritura", "Sobreescritura\19-Sobreescritura.csproj", "{8EBBC8A7-044C-4D06-9614-3BDFF00BCBEC}"
EndProject
Project("{9A19103F-16F7-4668-BE54-9A1E7A4F7556}") = "20-Static", "Static\20-Static.csproj", "{503B2AEF-E681-429F-A48B-A0DB80C6453A}"
EndProject
Project("{9A19103F-16F7-4668-BE54-9A1E7A4F7556}") = "21-Interface", "Interface\21-Interface.csproj", "{887BE35C-0326-4B14-892F-2D018681C8DD}"
EndProject
Project("{9A19103F-16F7-4668-BE54-9A1E7A4F7556}") = "23-Generic", "Generic\23-Generic.csproj", "{E78CB700-469B-47FF-BE2B-CC569AB8FC59}"
EndProject
Project("{9A19103F-16F7-4668-BE54-9A1E7A4F7556}") = "25-Lists", "Lists\25-Lists.csproj", "{47FAB64F-D65B-4D0C-92FE-06C64AC923F3}"
EndProject
Project("{9A19103F-16F7-4668-BE54-9A1E7A4F7556}") = "24-Json", "Json\24-Json.csproj", "{212CFC3B-2E52-4A46-BADE-9F200EAF9C72}"
EndProject
Project("{9A19103F-16F7-4668-BE54-9A1E7A4F7556}") = "26-ForEach", "ForEach\26-ForEach.csproj", "{2C2CA929-9981-4D60-9373-83CDB42B6775}"
EndProject
Project("{9A19103F-16F7-4668-BE54-9A1E7A4F7556}") = "27-ListCommonMethods", "ListCommonMethods\27-ListCommonMethods.csproj", "{56C1FAD3-0930-49D4-AC1F-88E627E2B6F5}"
EndProject
Project("{9A19103F-16F7-4668-BE54-9A1E7A4F7556}") = "28-TiposAnonimos", "TiposAnonimos\28-TiposAnonimos.csproj", "{DED5601E-5551-4A19-8B74-F0EECC96F83B}"
EndProject
Project("{9A19103F-16F7-4668-BE54-9A1E7A4F7556}") = "29-Tuplas", "Tuplas\29-Tuplas.csproj", "{F201D4B4-83F7-4A57-9515-A73557FC356D}"
EndProject
Project("{9A19103F-16F7-4668-BE54-9A1E7A4F7556}") = "10-SwitchCase", "SwitchCase\10-SwitchCase.csproj", "{0AD1B0C6-710E-4040-85EC-DBF5E034A333}"
EndProject
Project("{9A19103F-16F7-4668-BE54-9A1E7A4F7556}") = "32-LINQ", "LINQ\32-LINQ.csproj", "{1F310B3A-57F3-4D08-87B7-46CE72C117AA}"
EndProject
Project("{9A19103F-16F7-4668-BE54-9A1E7A4F7556}") = "33-LINQ-Join", "LINQ-Join\33-LINQ-Join.csproj", "{A7A37D12-C860-4E4E-93C2-35ABDFDA4C7D}"
EndProject
Project("{9A19103F-16F7-4668-BE54-9A1E7A4F7556}") = "30-Excepciones", "Excepciones\30-Excepciones.csproj", "{5881DA33-3D9F-4ED0-B393-817A80764E05}"
EndProject
Project("{9A19103F-16F7-4668-BE54-9A1E7A4F7556}") = "31-ExcepcionesPersonalizadas", "ExcepcionesPersonalizadas\31-ExcepcionesPersonalizadas.csproj", "{F9F574A8-DA70-48D8-94F2-86437E1091D3}"
EndProject
Project("{9A19103F-16F7-4668-BE54-9A1E7A4F7556}") = "34-BaseDeDatos", "BaseDeDatos\34-BaseDeDatos.csproj", "{DB4E3FEA-54E3-429A-B9F5-DEEA955A760C}"
EndProject
Project("{9A19103F-16F7-4668-BE54-9A1E7A4F7556}") = "35-BD", "BD\35-BD.csproj", "{939611D0-C78E-439C-A47F-3112D11D7271}"
EndProject
Project("{9A19103F-16F7-4668-BE54-9A1E7A4F7556}") = "36-EntityFrameworkSystem", "EntityFrameworkSystem\36-EntityFrameworkSystem.csproj", "{4B4E5D08-7EAC-43A8-BD6B-01151934F3BC}"
EndProject
Project("{9A19103F-16F7-4668-BE54-9A1E7A4F7556}") = "37-FunctionalProgramming", "FunctionalProgramming\37-FunctionalProgramming.csproj", "{82AA389E-9F60-4A09-8DB1-EDDF3F35EACD}"
EndProject
Project("{9A19103F-16F7-4668-BE54-9A1E7A4F7556}") = "06-Strings", "03-strings\06-Strings.csproj", "{89ED5CC4-70CD-4B48-93FE-CDE06125F994}"
EndProject
Project("{9A19103F-16F7-4668-BE54-9A1E7A4F7556}") = "16-ModificadoresDeAcceso", "12-ModificadoresDeAcceso\16-ModificadoresDeAcceso.csproj", "{44E45F50-7808-40C8-B645-9FC03E0B4716}"
EndProject
Project("{9A19103F-16F7-4668-BE54-9A1E7A4F7556}") = "05-TipoDeCasteo", "TipoDeCasteo\05-TipoDeCasteo.csproj", "{033D0670-2586-40F7-9E7F-BF9697FE736E}"
EndProject
Project("{9A19103F-16F7-4668-BE54-9A1E7A4F7556}") = "07-EntradaDeDatos", "04-EntradaDeDatos\07-EntradaDeDatos.csproj", "{F711C0FE-1EB3-44B9-A0E6-543A5C431C66}"
EndProject
Project("{9A19103F-16F7-4668-BE54-9A1E7A4F7556}") = "22-Abstract", "19-Abstract\22-Abstract.csproj", "{9F39EA8A-960A-477F-A4CB-1EC69DB0065F}"
EndProject
Project("{9A19103F-16F7-4668-BE54-9A1E7A4F7556}") = "04-Datetime", "04-DateTime\04-Datetime.csproj", "{65406D61-1E69-468C-A28B-418CA8223D28}"
EndProject
Project("{9A19103F-16F7-4668-BE54-9A1E7A4F7556}") = "01-Comentarios", "01-Comentarios\01-Comentarios.csproj", "{48A68194-FD0F-40DB-AC22-A12903287DE2}"
EndProject
Global
	GlobalSection(SolutionConfigurationPlatforms) = preSolution
		Debug|Any CPU = Debug|Any CPU
		Release|Any CPU = Release|Any CPU
	EndGlobalSection
	GlobalSection(ProjectConfigurationPlatforms) = postSolution
		{BF424F70-75DC-4241-9570-94862FE40038}.Debug|Any CPU.ActiveCfg = Debug|Any CPU
		{BF424F70-75DC-4241-9570-94862FE40038}.Debug|Any CPU.Build.0 = Debug|Any CPU
		{BF424F70-75DC-4241-9570-94862FE40038}.Release|Any CPU.ActiveCfg = Release|Any CPU
		{BF424F70-75DC-4241-9570-94862FE40038}.Release|Any CPU.Build.0 = Release|Any CPU
		{506BDABF-75CA-4F3E-82C0-A63606683C40}.Debug|Any CPU.ActiveCfg = Debug|Any CPU
		{506BDABF-75CA-4F3E-82C0-A63606683C40}.Debug|Any CPU.Build.0 = Debug|Any CPU
		{506BDABF-75CA-4F3E-82C0-A63606683C40}.Release|Any CPU.ActiveCfg = Release|Any CPU
		{506BDABF-75CA-4F3E-82C0-A63606683C40}.Release|Any CPU.Build.0 = Release|Any CPU
		{9892DDCC-5FC3-4B43-890B-93384CD12323}.Debug|Any CPU.ActiveCfg = Debug|Any CPU
		{9892DDCC-5FC3-4B43-890B-93384CD12323}.Debug|Any CPU.Build.0 = Debug|Any CPU
		{9892DDCC-5FC3-4B43-890B-93384CD12323}.Release|Any CPU.ActiveCfg = Release|Any CPU
		{9892DDCC-5FC3-4B43-890B-93384CD12323}.Release|Any CPU.Build.0 = Release|Any CPU
		{E843EA27-0D0F-4D62-9B3D-D817D0435F3B}.Debug|Any CPU.ActiveCfg = Debug|Any CPU
		{E843EA27-0D0F-4D62-9B3D-D817D0435F3B}.Debug|Any CPU.Build.0 = Debug|Any CPU
		{E843EA27-0D0F-4D62-9B3D-D817D0435F3B}.Release|Any CPU.ActiveCfg = Release|Any CPU
		{E843EA27-0D0F-4D62-9B3D-D817D0435F3B}.Release|Any CPU.Build.0 = Release|Any CPU
		{6D7F71B7-DEC6-464C-A147-FE05FBEFE2FE}.Debug|Any CPU.ActiveCfg = Debug|Any CPU
		{6D7F71B7-DEC6-464C-A147-FE05FBEFE2FE}.Debug|Any CPU.Build.0 = Debug|Any CPU
		{6D7F71B7-DEC6-464C-A147-FE05FBEFE2FE}.Release|Any CPU.ActiveCfg = Release|Any CPU
		{6D7F71B7-DEC6-464C-A147-FE05FBEFE2FE}.Release|Any CPU.Build.0 = Release|Any CPU
		{DE8C4063-8ACC-4CFF-8A59-2DF9703BB7C7}.Debug|Any CPU.ActiveCfg = Debug|Any CPU
		{DE8C4063-8ACC-4CFF-8A59-2DF9703BB7C7}.Debug|Any CPU.Build.0 = Debug|Any CPU
		{DE8C4063-8ACC-4CFF-8A59-2DF9703BB7C7}.Release|Any CPU.ActiveCfg = Release|Any CPU
		{DE8C4063-8ACC-4CFF-8A59-2DF9703BB7C7}.Release|Any CPU.Build.0 = Release|Any CPU
		{4663561E-D54D-439C-A212-E50523E32B57}.Debug|Any CPU.ActiveCfg = Debug|Any CPU
		{4663561E-D54D-439C-A212-E50523E32B57}.Debug|Any CPU.Build.0 = Debug|Any CPU
		{4663561E-D54D-439C-A212-E50523E32B57}.Release|Any CPU.ActiveCfg = Release|Any CPU
		{4663561E-D54D-439C-A212-E50523E32B57}.Release|Any CPU.Build.0 = Release|Any CPU
		{CB2B4A4B-AAFF-4BF3-BA1D-08DAD2B4A4E9}.Debug|Any CPU.ActiveCfg = Debug|Any CPU
		{CB2B4A4B-AAFF-4BF3-BA1D-08DAD2B4A4E9}.Debug|Any CPU.Build.0 = Debug|Any CPU
		{CB2B4A4B-AAFF-4BF3-BA1D-08DAD2B4A4E9}.Release|Any CPU.ActiveCfg = Release|Any CPU
		{CB2B4A4B-AAFF-4BF3-BA1D-08DAD2B4A4E9}.Release|Any CPU.Build.0 = Release|Any CPU
		{B7DE1AF5-E062-42C0-918C-DF101FE96E03}.Debug|Any CPU.ActiveCfg = Debug|Any CPU
		{B7DE1AF5-E062-42C0-918C-DF101FE96E03}.Debug|Any CPU.Build.0 = Debug|Any CPU
		{B7DE1AF5-E062-42C0-918C-DF101FE96E03}.Release|Any CPU.ActiveCfg = Release|Any CPU
		{B7DE1AF5-E062-42C0-918C-DF101FE96E03}.Release|Any CPU.Build.0 = Release|Any CPU
		{9B94A204-6193-4A26-8D19-98BE19E7106E}.Debug|Any CPU.ActiveCfg = Debug|Any CPU
		{9B94A204-6193-4A26-8D19-98BE19E7106E}.Debug|Any CPU.Build.0 = Debug|Any CPU
		{9B94A204-6193-4A26-8D19-98BE19E7106E}.Release|Any CPU.ActiveCfg = Release|Any CPU
		{9B94A204-6193-4A26-8D19-98BE19E7106E}.Release|Any CPU.Build.0 = Release|Any CPU
		{AE480D0E-7283-414B-9936-6087706C9D33}.Debug|Any CPU.ActiveCfg = Debug|Any CPU
		{AE480D0E-7283-414B-9936-6087706C9D33}.Debug|Any CPU.Build.0 = Debug|Any CPU
		{AE480D0E-7283-414B-9936-6087706C9D33}.Release|Any CPU.ActiveCfg = Release|Any CPU
		{AE480D0E-7283-414B-9936-6087706C9D33}.Release|Any CPU.Build.0 = Release|Any CPU
		{8EBBC8A7-044C-4D06-9614-3BDFF00BCBEC}.Debug|Any CPU.ActiveCfg = Debug|Any CPU
		{8EBBC8A7-044C-4D06-9614-3BDFF00BCBEC}.Debug|Any CPU.Build.0 = Debug|Any CPU
		{8EBBC8A7-044C-4D06-9614-3BDFF00BCBEC}.Release|Any CPU.ActiveCfg = Release|Any CPU
		{8EBBC8A7-044C-4D06-9614-3BDFF00BCBEC}.Release|Any CPU.Build.0 = Release|Any CPU
		{503B2AEF-E681-429F-A48B-A0DB80C6453A}.Debug|Any CPU.ActiveCfg = Debug|Any CPU
		{503B2AEF-E681-429F-A48B-A0DB80C6453A}.Debug|Any CPU.Build.0 = Debug|Any CPU
		{503B2AEF-E681-429F-A48B-A0DB80C6453A}.Release|Any CPU.ActiveCfg = Release|Any CPU
		{503B2AEF-E681-429F-A48B-A0DB80C6453A}.Release|Any CPU.Build.0 = Release|Any CPU
		{887BE35C-0326-4B14-892F-2D018681C8DD}.Debug|Any CPU.ActiveCfg = Debug|Any CPU
		{887BE35C-0326-4B14-892F-2D018681C8DD}.Debug|Any CPU.Build.0 = Debug|Any CPU
		{887BE35C-0326-4B14-892F-2D018681C8DD}.Release|Any CPU.ActiveCfg = Release|Any CPU
		{887BE35C-0326-4B14-892F-2D018681C8DD}.Release|Any CPU.Build.0 = Release|Any CPU
		{E78CB700-469B-47FF-BE2B-CC569AB8FC59}.Debug|Any CPU.ActiveCfg = Debug|Any CPU
		{E78CB700-469B-47FF-BE2B-CC569AB8FC59}.Debug|Any CPU.Build.0 = Debug|Any CPU
		{E78CB700-469B-47FF-BE2B-CC569AB8FC59}.Release|Any CPU.ActiveCfg = Release|Any CPU
		{E78CB700-469B-47FF-BE2B-CC569AB8FC59}.Release|Any CPU.Build.0 = Release|Any CPU
		{47FAB64F-D65B-4D0C-92FE-06C64AC923F3}.Debug|Any CPU.ActiveCfg = Debug|Any CPU
		{47FAB64F-D65B-4D0C-92FE-06C64AC923F3}.Debug|Any CPU.Build.0 = Debug|Any CPU
		{47FAB64F-D65B-4D0C-92FE-06C64AC923F3}.Release|Any CPU.ActiveCfg = Release|Any CPU
		{47FAB64F-D65B-4D0C-92FE-06C64AC923F3}.Release|Any CPU.Build.0 = Release|Any CPU
		{212CFC3B-2E52-4A46-BADE-9F200EAF9C72}.Debug|Any CPU.ActiveCfg = Debug|Any CPU
		{212CFC3B-2E52-4A46-BADE-9F200EAF9C72}.Debug|Any CPU.Build.0 = Debug|Any CPU
		{212CFC3B-2E52-4A46-BADE-9F200EAF9C72}.Release|Any CPU.ActiveCfg = Release|Any CPU
		{212CFC3B-2E52-4A46-BADE-9F200EAF9C72}.Release|Any CPU.Build.0 = Release|Any CPU
		{2C2CA929-9981-4D60-9373-83CDB42B6775}.Debug|Any CPU.ActiveCfg = Debug|Any CPU
		{2C2CA929-9981-4D60-9373-83CDB42B6775}.Debug|Any CPU.Build.0 = Debug|Any CPU
		{2C2CA929-9981-4D60-9373-83CDB42B6775}.Release|Any CPU.ActiveCfg = Release|Any CPU
		{2C2CA929-9981-4D60-9373-83CDB42B6775}.Release|Any CPU.Build.0 = Release|Any CPU
		{56C1FAD3-0930-49D4-AC1F-88E627E2B6F5}.Debug|Any CPU.ActiveCfg = Debug|Any CPU
		{56C1FAD3-0930-49D4-AC1F-88E627E2B6F5}.Debug|Any CPU.Build.0 = Debug|Any CPU
		{56C1FAD3-0930-49D4-AC1F-88E627E2B6F5}.Release|Any CPU.ActiveCfg = Release|Any CPU
		{56C1FAD3-0930-49D4-AC1F-88E627E2B6F5}.Release|Any CPU.Build.0 = Release|Any CPU
		{DED5601E-5551-4A19-8B74-F0EECC96F83B}.Debug|Any CPU.ActiveCfg = Debug|Any CPU
		{DED5601E-5551-4A19-8B74-F0EECC96F83B}.Debug|Any CPU.Build.0 = Debug|Any CPU
		{DED5601E-5551-4A19-8B74-F0EECC96F83B}.Release|Any CPU.ActiveCfg = Release|Any CPU
		{DED5601E-5551-4A19-8B74-F0EECC96F83B}.Release|Any CPU.Build.0 = Release|Any CPU
		{F201D4B4-83F7-4A57-9515-A73557FC356D}.Debug|Any CPU.ActiveCfg = Debug|Any CPU
		{F201D4B4-83F7-4A57-9515-A73557FC356D}.Debug|Any CPU.Build.0 = Debug|Any CPU
		{F201D4B4-83F7-4A57-9515-A73557FC356D}.Release|Any CPU.ActiveCfg = Release|Any CPU
		{F201D4B4-83F7-4A57-9515-A73557FC356D}.Release|Any CPU.Build.0 = Release|Any CPU
		{0AD1B0C6-710E-4040-85EC-DBF5E034A333}.Debug|Any CPU.ActiveCfg = Debug|Any CPU
		{0AD1B0C6-710E-4040-85EC-DBF5E034A333}.Debug|Any CPU.Build.0 = Debug|Any CPU
		{0AD1B0C6-710E-4040-85EC-DBF5E034A333}.Release|Any CPU.ActiveCfg = Release|Any CPU
		{0AD1B0C6-710E-4040-85EC-DBF5E034A333}.Release|Any CPU.Build.0 = Release|Any CPU
		{1F310B3A-57F3-4D08-87B7-46CE72C117AA}.Debug|Any CPU.ActiveCfg = Debug|Any CPU
		{1F310B3A-57F3-4D08-87B7-46CE72C117AA}.Debug|Any CPU.Build.0 = Debug|Any CPU
		{1F310B3A-57F3-4D08-87B7-46CE72C117AA}.Release|Any CPU.ActiveCfg = Release|Any CPU
		{1F310B3A-57F3-4D08-87B7-46CE72C117AA}.Release|Any CPU.Build.0 = Release|Any CPU
		{A7A37D12-C860-4E4E-93C2-35ABDFDA4C7D}.Debug|Any CPU.ActiveCfg = Debug|Any CPU
		{A7A37D12-C860-4E4E-93C2-35ABDFDA4C7D}.Debug|Any CPU.Build.0 = Debug|Any CPU
		{A7A37D12-C860-4E4E-93C2-35ABDFDA4C7D}.Release|Any CPU.ActiveCfg = Release|Any CPU
		{A7A37D12-C860-4E4E-93C2-35ABDFDA4C7D}.Release|Any CPU.Build.0 = Release|Any CPU
		{5881DA33-3D9F-4ED0-B393-817A80764E05}.Debug|Any CPU.ActiveCfg = Debug|Any CPU
		{5881DA33-3D9F-4ED0-B393-817A80764E05}.Debug|Any CPU.Build.0 = Debug|Any CPU
		{5881DA33-3D9F-4ED0-B393-817A80764E05}.Release|Any CPU.ActiveCfg = Release|Any CPU
		{5881DA33-3D9F-4ED0-B393-817A80764E05}.Release|Any CPU.Build.0 = Release|Any CPU
		{F9F574A8-DA70-48D8-94F2-86437E1091D3}.Debug|Any CPU.ActiveCfg = Debug|Any CPU
		{F9F574A8-DA70-48D8-94F2-86437E1091D3}.Debug|Any CPU.Build.0 = Debug|Any CPU
		{F9F574A8-DA70-48D8-94F2-86437E1091D3}.Release|Any CPU.ActiveCfg = Release|Any CPU
		{F9F574A8-DA70-48D8-94F2-86437E1091D3}.Release|Any CPU.Build.0 = Release|Any CPU
		{DB4E3FEA-54E3-429A-B9F5-DEEA955A760C}.Debug|Any CPU.ActiveCfg = Debug|Any CPU
		{DB4E3FEA-54E3-429A-B9F5-DEEA955A760C}.Debug|Any CPU.Build.0 = Debug|Any CPU
		{DB4E3FEA-54E3-429A-B9F5-DEEA955A760C}.Release|Any CPU.ActiveCfg = Release|Any CPU
		{DB4E3FEA-54E3-429A-B9F5-DEEA955A760C}.Release|Any CPU.Build.0 = Release|Any CPU
		{939611D0-C78E-439C-A47F-3112D11D7271}.Debug|Any CPU.ActiveCfg = Debug|Any CPU
		{939611D0-C78E-439C-A47F-3112D11D7271}.Debug|Any CPU.Build.0 = Debug|Any CPU
		{939611D0-C78E-439C-A47F-3112D11D7271}.Release|Any CPU.ActiveCfg = Release|Any CPU
		{939611D0-C78E-439C-A47F-3112D11D7271}.Release|Any CPU.Build.0 = Release|Any CPU
		{4B4E5D08-7EAC-43A8-BD6B-01151934F3BC}.Debug|Any CPU.ActiveCfg = Debug|Any CPU
		{4B4E5D08-7EAC-43A8-BD6B-01151934F3BC}.Debug|Any CPU.Build.0 = Debug|Any CPU
		{4B4E5D08-7EAC-43A8-BD6B-01151934F3BC}.Release|Any CPU.ActiveCfg = Release|Any CPU
		{4B4E5D08-7EAC-43A8-BD6B-01151934F3BC}.Release|Any CPU.Build.0 = Release|Any CPU
		{82AA389E-9F60-4A09-8DB1-EDDF3F35EACD}.Debug|Any CPU.ActiveCfg = Debug|Any CPU
		{82AA389E-9F60-4A09-8DB1-EDDF3F35EACD}.Debug|Any CPU.Build.0 = Debug|Any CPU
		{82AA389E-9F60-4A09-8DB1-EDDF3F35EACD}.Release|Any CPU.ActiveCfg = Release|Any CPU
		{82AA389E-9F60-4A09-8DB1-EDDF3F35EACD}.Release|Any CPU.Build.0 = Release|Any CPU
		{89ED5CC4-70CD-4B48-93FE-CDE06125F994}.Debug|Any CPU.ActiveCfg = Debug|Any CPU
		{89ED5CC4-70CD-4B48-93FE-CDE06125F994}.Debug|Any CPU.Build.0 = Debug|Any CPU
		{89ED5CC4-70CD-4B48-93FE-CDE06125F994}.Release|Any CPU.ActiveCfg = Release|Any CPU
		{89ED5CC4-70CD-4B48-93FE-CDE06125F994}.Release|Any CPU.Build.0 = Release|Any CPU
		{44E45F50-7808-40C8-B645-9FC03E0B4716}.Debug|Any CPU.ActiveCfg = Debug|Any CPU
		{44E45F50-7808-40C8-B645-9FC03E0B4716}.Debug|Any CPU.Build.0 = Debug|Any CPU
		{44E45F50-7808-40C8-B645-9FC03E0B4716}.Release|Any CPU.ActiveCfg = Release|Any CPU
		{44E45F50-7808-40C8-B645-9FC03E0B4716}.Release|Any CPU.Build.0 = Release|Any CPU
		{033D0670-2586-40F7-9E7F-BF9697FE736E}.Debug|Any CPU.ActiveCfg = Debug|Any CPU
		{033D0670-2586-40F7-9E7F-BF9697FE736E}.Debug|Any CPU.Build.0 = Debug|Any CPU
		{033D0670-2586-40F7-9E7F-BF9697FE736E}.Release|Any CPU.ActiveCfg = Release|Any CPU
		{033D0670-2586-40F7-9E7F-BF9697FE736E}.Release|Any CPU.Build.0 = Release|Any CPU
		{F711C0FE-1EB3-44B9-A0E6-543A5C431C66}.Debug|Any CPU.ActiveCfg = Debug|Any CPU
		{F711C0FE-1EB3-44B9-A0E6-543A5C431C66}.Debug|Any CPU.Build.0 = Debug|Any CPU
		{F711C0FE-1EB3-44B9-A0E6-543A5C431C66}.Release|Any CPU.ActiveCfg = Release|Any CPU
		{F711C0FE-1EB3-44B9-A0E6-543A5C431C66}.Release|Any CPU.Build.0 = Release|Any CPU
		{9F39EA8A-960A-477F-A4CB-1EC69DB0065F}.Debug|Any CPU.ActiveCfg = Debug|Any CPU
		{9F39EA8A-960A-477F-A4CB-1EC69DB0065F}.Debug|Any CPU.Build.0 = Debug|Any CPU
		{9F39EA8A-960A-477F-A4CB-1EC69DB0065F}.Release|Any CPU.ActiveCfg = Release|Any CPU
		{9F39EA8A-960A-477F-A4CB-1EC69DB0065F}.Release|Any CPU.Build.0 = Release|Any CPU
		{65406D61-1E69-468C-A28B-418CA8223D28}.Debug|Any CPU.ActiveCfg = Debug|Any CPU
		{65406D61-1E69-468C-A28B-418CA8223D28}.Debug|Any CPU.Build.0 = Debug|Any CPU
		{65406D61-1E69-468C-A28B-418CA8223D28}.Release|Any CPU.ActiveCfg = Release|Any CPU
		{65406D61-1E69-468C-A28B-418CA8223D28}.Release|Any CPU.Build.0 = Release|Any CPU
		{48A68194-FD0F-40DB-AC22-A12903287DE2}.Debug|Any CPU.ActiveCfg = Debug|Any CPU
		{48A68194-FD0F-40DB-AC22-A12903287DE2}.Debug|Any CPU.Build.0 = Debug|Any CPU
		{48A68194-FD0F-40DB-AC22-A12903287DE2}.Release|Any CPU.ActiveCfg = Release|Any CPU
		{48A68194-FD0F-40DB-AC22-A12903287DE2}.Release|Any CPU.Build.0 = Release|Any CPU
	EndGlobalSection
	GlobalSection(SolutionProperties) = preSolution
		HideSolutionNode = FALSE
	EndGlobalSection
	GlobalSection(ExtensibilityGlobals) = postSolution
		SolutionGuid = {09B4839F-02B8-4B63-9371-44A965349ECC}
	EndGlobalSection
EndGlobal
